
Microsoft Visual Studio Solution File, Format Version 12.00
# Visual Studio Version 17
VisualStudioVersion = 17.9.34622.214
MinimumVisualStudioVersion = 10.0.40219.1
Project("{2150E333-8FDC-42A3-9474-1A3956D46DE8}") = "Api", "Api", "{A5877646-DC12-42C6-9080-14F650068F16}"
EndProject
Project("{9A19103F-16F7-4668-BE54-9A1E7A4F7556}") = "GFT.Api", "GFT.Api\GFT.Api.csproj", "{3AADAA22-CFFB-4836-8E35-CA721D5158F8}"
EndProject
Project("{2150E333-8FDC-42A3-9474-1A3956D46DE8}") = "Front", "Front", "{0FBA2E9C-0C1D-44E7-854F-3AC1EEAA92B8}"
	ProjectSection(SolutionItems) = preProject
		Test.html = Test.html
	EndProjectSection
EndProject
Project("{9A19103F-16F7-4668-BE54-9A1E7A4F7556}") = "GFT.Test", "GFT.Test\GFT.Test.csproj", "{C0E45698-2F36-4156-887E-A0AA5BF1A208}"
EndProject
Project("{2150E333-8FDC-42A3-9474-1A3956D46DE8}") = "teste", "teste", "{24F34462-CB95-498C-B08E-2DE8CC72A1D1}"
EndProject
Project("{54A90642-561A-4BB1-A94E-469ADEE60C69}") = "AngularProject1", "AngularProject1\AngularProject1.esproj", "{7B4B6059-DBEF-4733-90E7-64D206A664A2}"
EndProject
Global
	GlobalSection(SolutionConfigurationPlatforms) = preSolution
		Debug|Any CPU = Debug|Any CPU
		Release|Any CPU = Release|Any CPU
	EndGlobalSection
	GlobalSection(ProjectConfigurationPlatforms) = postSolution
		{3AADAA22-CFFB-4836-8E35-CA721D5158F8}.Debug|Any CPU.ActiveCfg = Debug|Any CPU
		{3AADAA22-CFFB-4836-8E35-CA721D5158F8}.Debug|Any CPU.Build.0 = Debug|Any CPU
		{3AADAA22-CFFB-4836-8E35-CA721D5158F8}.Release|Any CPU.ActiveCfg = Release|Any CPU
		{3AADAA22-CFFB-4836-8E35-CA721D5158F8}.Release|Any CPU.Build.0 = Release|Any CPU
		{C0E45698-2F36-4156-887E-A0AA5BF1A208}.Debug|Any CPU.ActiveCfg = Debug|Any CPU
		{C0E45698-2F36-4156-887E-A0AA5BF1A208}.Debug|Any CPU.Build.0 = Debug|Any CPU
		{C0E45698-2F36-4156-887E-A0AA5BF1A208}.Release|Any CPU.ActiveCfg = Release|Any CPU
		{C0E45698-2F36-4156-887E-A0AA5BF1A208}.Release|Any CPU.Build.0 = Release|Any CPU
		{7B4B6059-DBEF-4733-90E7-64D206A664A2}.Debug|Any CPU.ActiveCfg = Debug|Any CPU
		{7B4B6059-DBEF-4733-90E7-64D206A664A2}.Debug|Any CPU.Build.0 = Debug|Any CPU
		{7B4B6059-DBEF-4733-90E7-64D206A664A2}.Debug|Any CPU.Deploy.0 = Debug|Any CPU
		{7B4B6059-DBEF-4733-90E7-64D206A664A2}.Release|Any CPU.ActiveCfg = Release|Any CPU
		{7B4B6059-DBEF-4733-90E7-64D206A664A2}.Release|Any CPU.Build.0 = Release|Any CPU
		{7B4B6059-DBEF-4733-90E7-64D206A664A2}.Release|Any CPU.Deploy.0 = Release|Any CPU
	EndGlobalSection
	GlobalSection(SolutionProperties) = preSolution
		HideSolutionNode = FALSE
	EndGlobalSection
	GlobalSection(NestedProjects) = preSolution
		{3AADAA22-CFFB-4836-8E35-CA721D5158F8} = {A5877646-DC12-42C6-9080-14F650068F16}
		{C0E45698-2F36-4156-887E-A0AA5BF1A208} = {A5877646-DC12-42C6-9080-14F650068F16}
		{24F34462-CB95-498C-B08E-2DE8CC72A1D1} = {0FBA2E9C-0C1D-44E7-854F-3AC1EEAA92B8}
		{7B4B6059-DBEF-4733-90E7-64D206A664A2} = {0FBA2E9C-0C1D-44E7-854F-3AC1EEAA92B8}
	EndGlobalSection
	GlobalSection(ExtensibilityGlobals) = postSolution
		SolutionGuid = {2487A028-2546-49A2-A2C4-FDE9CE23055B}
	EndGlobalSection
EndGlobal
